<?xml version="1.0" encoding="utf-8"?>
<Project ToolsVersion="4.0" xmlns="http://schemas.microsoft.com/developer/msbuild/2003">
  <ItemGroup>
    <ClCompile Include="AIEngine.cpp" />
    <ClCompile Include="AudioEngine.cpp" />
    <ClCompile Include="Camera.cpp" />
    <ClCompile Include="ContentLoading.cpp" />
    <ClCompile Include="DynamicEntity.cpp" />
    <ClCompile Include="Entity.cpp" />
    <ClCompile Include="Filtering.cpp" />
    <ClCompile Include="FrictionPairs.cpp" />
    <ClCompile Include="Game.cpp" />
    <ClCompile Include="InputEngine.cpp" />
    <ClCompile Include="main.cpp" />
    <ClCompile Include="Map.cpp" />
    <ClCompile Include="VehicleCreator.cpp" />
    <ClCompile Include="PhysicsEngine.cpp" />
    <ClCompile Include="PhysicsEntity.cpp" />
    <ClCompile Include="Renderable.cpp" />
    <ClCompile Include="RenderingEngine.cpp" />
    <ClCompile Include="ShaderTools.cpp" />
    <ClCompile Include="Vehicle.cpp" />
    <ClCompile Include="VehicleSceneQueryData.cpp" />
    <ClCompile Include="DeliveryManager.cpp" />
    <ClCompile Include="graphNode.cpp" />
    <ClCompile Include="PhysicsHelper.cpp" />
    <ClCompile Include="SimulationCallback.cpp" />
    <ClCompile Include="PizzaBox.cpp" />
  </ItemGroup>
  <ItemGroup>
    <ClInclude Include="AIEngine.h" />
    <ClInclude Include="AudioEngine.h" />
    <ClInclude Include="Camera.h" />
    <ClInclude Include="ContentLoading.h" />
    <ClInclude Include="DynamicEntity.h" />
    <ClInclude Include="Entity.h" />
    <ClInclude Include="Filtering.h" />
    <ClInclude Include="FrictionPairs.h" />
    <ClInclude Include="Game.h" />
    <ClInclude Include="InputEngine.h" />
    <ClInclude Include="Map.h" />
    <ClInclude Include="VehicleCreator.h" />
    <ClInclude Include="PhysicsEngine.h" />
    <ClInclude Include="PhysicsEntity.h" />
    <ClInclude Include="Renderable.h" />
    <ClInclude Include="RenderingEngine.h" />
    <ClInclude Include="res_path.h" />
    <ClInclude Include="ShaderTools.h" />
    <ClInclude Include="Vehicle.h" />
    <ClInclude Include="VehicleSceneQueryData.h" />
    <ClInclude Include="PhysicsEntityInfo.h" />
    <ClInclude Include="DeliveryManager.h" />
    <ClInclude Include="graphNode.h" />
    <ClInclude Include="PhysicsHelper.h" />
    <ClInclude Include="SimulationCallback.h" />
    <ClInclude Include="PizzaBox.h" />
  </ItemGroup>
  <ItemGroup>
    <None Include="res\Shaders\textured-StandardShading.fragmentshader" />
    <None Include="res\Shaders\textured-StandardShading.vertexshader" />
  </ItemGroup>
</Project>