<?xml version="1.0" encoding="utf-8"?>
<Project ToolsVersion="4.0" xmlns="http://schemas.microsoft.com/developer/msbuild/2003">
  <ItemGroup>
    <ClCompile Include="AIEngine.cpp" />
    <ClCompile Include="AudioEngine.cpp" />
    <ClCompile Include="Camera.cpp" />
    <ClCompile Include="Entity.cpp" />
    <ClCompile Include="FilterShader.cpp" />
    <ClCompile Include="FrictionPairs.cpp" />
    <ClCompile Include="Game.cpp" />
    <ClCompile Include="InputEngine.cpp" />
    <ClCompile Include="main.cpp" />
    <ClCompile Include="PhysicsCreator.cpp" />
    <ClCompile Include="PhysicsEngine.cpp" />
    <ClCompile Include="Renderable.cpp" />
    <ClCompile Include="RenderingEngine.cpp" />
    <ClCompile Include="ShaderTools.cpp" />
    <ClCompile Include="VehicleSceneQueryData.cpp" />
  </ItemGroup>
  <ItemGroup>
<<<<<<< HEAD
    <ClCompile Include="AIEngine.cpp">
      <Filter>Source Files</Filter>
    </ClCompile>
    <ClCompile Include="AudioEngine.cpp">
      <Filter>Source Files</Filter>
    </ClCompile>
    <ClCompile Include="Game.cpp">
      <Filter>Source Files</Filter>
    </ClCompile>
    <ClCompile Include="InputEngine.cpp">
      <Filter>Source Files</Filter>
    </ClCompile>
    <ClCompile Include="main.cpp">
      <Filter>Source Files</Filter>
    </ClCompile>
    <ClCompile Include="PhysicsEngine.cpp">
      <Filter>Source Files</Filter>
    </ClCompile>
    <ClCompile Include="RenderingEngine.cpp">
      <Filter>Source Files</Filter>
    </ClCompile>
    <ClCompile Include="ShaderTools.cpp">
      <Filter>Source Files</Filter>
    </ClCompile>
    <ClCompile Include="Entity.cpp">
      <Filter>Source Files</Filter>
    </ClCompile>
    <ClCompile Include="Renderable.cpp">
      <Filter>Source Files</Filter>
    </ClCompile>
    <ClCompile Include="Camera.cpp">
      <Filter>Source Files</Filter>
    </ClCompile>
    <ClCompile Include="objModel.cpp">
      <Filter>Source Files</Filter>
    </ClCompile>
  </ItemGroup>
  <ItemGroup>
    <ClInclude Include="AIEngine.h">
      <Filter>Header Files</Filter>
    </ClInclude>
    <ClInclude Include="AudioEngine.h">
      <Filter>Header Files</Filter>
    </ClInclude>
    <ClInclude Include="Game.h">
      <Filter>Header Files</Filter>
    </ClInclude>
    <ClInclude Include="InputEngine.h">
      <Filter>Header Files</Filter>
    </ClInclude>
    <ClInclude Include="PhysicsEngine.h">
      <Filter>Header Files</Filter>
    </ClInclude>
    <ClInclude Include="RenderingEngine.h">
      <Filter>Header Files</Filter>
    </ClInclude>
    <ClInclude Include="ShaderTools.h">
      <Filter>Header Files</Filter>
    </ClInclude>
    <ClInclude Include="res_path.h">
      <Filter>Header Files</Filter>
    </ClInclude>
    <ClInclude Include="Entity.h">
      <Filter>Header Files</Filter>
    </ClInclude>
    <ClInclude Include="Renderable.h">
      <Filter>Header Files</Filter>
    </ClInclude>
    <ClInclude Include="Camera.h">
      <Filter>Header Files</Filter>
    </ClInclude>
    <ClInclude Include="objModel.h">
      <Filter>Header Files</Filter>
    </ClInclude>
=======
    <ClInclude Include="AIEngine.h" />
    <ClInclude Include="AudioEngine.h" />
    <ClInclude Include="Camera.h" />
    <ClInclude Include="Entity.h" />
    <ClInclude Include="FilterShader.h" />
    <ClInclude Include="FrictionPairs.h" />
    <ClInclude Include="Game.h" />
    <ClInclude Include="InputEngine.h" />
    <ClInclude Include="PhysicsCreator.h" />
    <ClInclude Include="PhysicsEngine.h" />
    <ClInclude Include="Renderable.h" />
    <ClInclude Include="RenderingEngine.h" />
    <ClInclude Include="res_path.h" />
    <ClInclude Include="ShaderTools.h" />
    <ClInclude Include="VehicleSceneQueryData.h" />
    <ClInclude Include="DrivingInput.h" />
>>>>>>> refs/remotes/origin/Ben
  </ItemGroup>
</Project>